
Microsoft Visual Studio Solution File, Format Version 12.00
# Visual Studio Version 17
VisualStudioVersion = 17.5.33502.453
MinimumVisualStudioVersion = 10.0.40219.1
Project("{FAE04EC0-301F-11D3-BF4B-00C04F79EFBC}") = "Section7", "Section7\Section7.csproj", "{8C8D2BD6-C4A8-41C4-82E2-A497A9919895}"
EndProject
Global
	GlobalSection(SolutionConfigurationPlatforms) = preSolution
		Debug|Any CPU = Debug|Any CPU
		Release|Any CPU = Release|Any CPU
	EndGlobalSection
	GlobalSection(ProjectConfigurationPlatforms) = postSolution
		{8C8D2BD6-C4A8-41C4-82E2-A497A9919895}.Debug|Any CPU.ActiveCfg = Debug|Any CPU
		{8C8D2BD6-C4A8-41C4-82E2-A497A9919895}.Debug|Any CPU.Build.0 = Debug|Any CPU
		{8C8D2BD6-C4A8-41C4-82E2-A497A9919895}.Release|Any CPU.ActiveCfg = Release|Any CPU
		{8C8D2BD6-C4A8-41C4-82E2-A497A9919895}.Release|Any CPU.Build.0 = Release|Any CPU
	EndGlobalSection
	GlobalSection(SolutionProperties) = preSolution
		HideSolutionNode = FALSE
	EndGlobalSection
	GlobalSection(ExtensibilityGlobals) = postSolution
		SolutionGuid = {149BF47D-0287-45C7-ACD7-959C8618EA22}
	EndGlobalSection
EndGlobal
